
Microsoft Visual Studio Solution File, Format Version 12.00
# Visual Studio 15
VisualStudioVersion = 15.0.27428.2015
MinimumVisualStudioVersion = 10.0.40219.1
Project("{2150E333-8FDC-42A3-9474-1A3956D46DE8}") = "Models", "Models", "{A139AE4D-280C-46CE-9183-A27BA5760345}"
EndProject
Project("{2150E333-8FDC-42A3-9474-1A3956D46DE8}") = "Modules", "Modules", "{014B2ACF-2CC9-4D83-9448-E28377CF3158}"
EndProject
Project("{2150E333-8FDC-42A3-9474-1A3956D46DE8}") = "Tools", "Tools", "{A91DA509-DD48-4BC2-978E-95058B72B172}"
EndProject
Project("{2150E333-8FDC-42A3-9474-1A3956D46DE8}") = "Web", "Web", "{B0A6D3AC-25BF-49A5-B8C0-6A5A4CF746CF}"
EndProject
Project("{9A19103F-16F7-4668-BE54-9A1E7A4F7556}") = "MP.Web", "Web\MP.Web.csproj", "{7BD1917D-4C03-4A47-9114-1C91BF741BF8}"
EndProject
Project("{9A19103F-16F7-4668-BE54-9A1E7A4F7556}") = "MP.Sugar", "Tools\MP.Sugar\MP.Sugar.csproj", "{391603F3-7FAA-465C-ADB0-BF56531F5FF2}"
EndProject
Project("{9A19103F-16F7-4668-BE54-9A1E7A4F7556}") = "MP.Tools", "Tools\MP.Tools\MP.Tools.csproj", "{F084D198-EF41-4D19-A57B-D4C35E3F90D6}"
EndProject
Project("{9A19103F-16F7-4668-BE54-9A1E7A4F7556}") = "MP.Base", "Modules\MP.Base\MP.Base.csproj", "{10F4556A-F578-4ACC-82A2-F42E3087DBA9}"
EndProject
Project("{FAE04EC0-301F-11D3-BF4B-00C04F79EFBC}") = "MP.Models.Extension", "Models\Extension\MP.Models.Extension.csproj", "{C559C3AA-028A-4616-8EF5-5C64741EA796}"
EndProject
Project("{9A19103F-16F7-4668-BE54-9A1E7A4F7556}") = "MP.Models", "Models\Models\MP.Models.csproj", "{02F39EEA-FCEC-4CB1-9475-895202F76249}"
EndProject
Global
	GlobalSection(SolutionConfigurationPlatforms) = preSolution
		Debug|Any CPU = Debug|Any CPU
		Release|Any CPU = Release|Any CPU
	EndGlobalSection
	GlobalSection(ProjectConfigurationPlatforms) = postSolution
		{7BD1917D-4C03-4A47-9114-1C91BF741BF8}.Debug|Any CPU.ActiveCfg = Debug|Any CPU
		{7BD1917D-4C03-4A47-9114-1C91BF741BF8}.Debug|Any CPU.Build.0 = Debug|Any CPU
		{7BD1917D-4C03-4A47-9114-1C91BF741BF8}.Release|Any CPU.ActiveCfg = Release|Any CPU
		{7BD1917D-4C03-4A47-9114-1C91BF741BF8}.Release|Any CPU.Build.0 = Release|Any CPU
		{391603F3-7FAA-465C-ADB0-BF56531F5FF2}.Debug|Any CPU.ActiveCfg = Debug|Any CPU
		{391603F3-7FAA-465C-ADB0-BF56531F5FF2}.Debug|Any CPU.Build.0 = Debug|Any CPU
		{391603F3-7FAA-465C-ADB0-BF56531F5FF2}.Release|Any CPU.ActiveCfg = Release|Any CPU
		{391603F3-7FAA-465C-ADB0-BF56531F5FF2}.Release|Any CPU.Build.0 = Release|Any CPU
		{F084D198-EF41-4D19-A57B-D4C35E3F90D6}.Debug|Any CPU.ActiveCfg = Debug|Any CPU
		{F084D198-EF41-4D19-A57B-D4C35E3F90D6}.Debug|Any CPU.Build.0 = Debug|Any CPU
		{F084D198-EF41-4D19-A57B-D4C35E3F90D6}.Release|Any CPU.ActiveCfg = Release|Any CPU
		{F084D198-EF41-4D19-A57B-D4C35E3F90D6}.Release|Any CPU.Build.0 = Release|Any CPU
		{10F4556A-F578-4ACC-82A2-F42E3087DBA9}.Debug|Any CPU.ActiveCfg = Debug|Any CPU
		{10F4556A-F578-4ACC-82A2-F42E3087DBA9}.Debug|Any CPU.Build.0 = Debug|Any CPU
		{10F4556A-F578-4ACC-82A2-F42E3087DBA9}.Release|Any CPU.ActiveCfg = Release|Any CPU
		{10F4556A-F578-4ACC-82A2-F42E3087DBA9}.Release|Any CPU.Build.0 = Release|Any CPU
		{C559C3AA-028A-4616-8EF5-5C64741EA796}.Debug|Any CPU.ActiveCfg = Debug|Any CPU
		{C559C3AA-028A-4616-8EF5-5C64741EA796}.Debug|Any CPU.Build.0 = Debug|Any CPU
		{C559C3AA-028A-4616-8EF5-5C64741EA796}.Release|Any CPU.ActiveCfg = Release|Any CPU
		{C559C3AA-028A-4616-8EF5-5C64741EA796}.Release|Any CPU.Build.0 = Release|Any CPU
		{02F39EEA-FCEC-4CB1-9475-895202F76249}.Debug|Any CPU.ActiveCfg = Debug|Any CPU
		{02F39EEA-FCEC-4CB1-9475-895202F76249}.Debug|Any CPU.Build.0 = Debug|Any CPU
		{02F39EEA-FCEC-4CB1-9475-895202F76249}.Release|Any CPU.ActiveCfg = Release|Any CPU
		{02F39EEA-FCEC-4CB1-9475-895202F76249}.Release|Any CPU.Build.0 = Release|Any CPU
	EndGlobalSection
	GlobalSection(SolutionProperties) = preSolution
		HideSolutionNode = FALSE
	EndGlobalSection
	GlobalSection(NestedProjects) = preSolution
		{7BD1917D-4C03-4A47-9114-1C91BF741BF8} = {B0A6D3AC-25BF-49A5-B8C0-6A5A4CF746CF}
		{391603F3-7FAA-465C-ADB0-BF56531F5FF2} = {A91DA509-DD48-4BC2-978E-95058B72B172}
		{F084D198-EF41-4D19-A57B-D4C35E3F90D6} = {A91DA509-DD48-4BC2-978E-95058B72B172}
		{10F4556A-F578-4ACC-82A2-F42E3087DBA9} = {014B2ACF-2CC9-4D83-9448-E28377CF3158}
		{C559C3AA-028A-4616-8EF5-5C64741EA796} = {A139AE4D-280C-46CE-9183-A27BA5760345}
		{02F39EEA-FCEC-4CB1-9475-895202F76249} = {A139AE4D-280C-46CE-9183-A27BA5760345}
	EndGlobalSection
	GlobalSection(ExtensibilityGlobals) = postSolution
		SolutionGuid = {E548C283-DA65-40F4-8F0A-E638052063FC}
	EndGlobalSection
EndGlobal
